
Microsoft Visual Studio Solution File, Format Version 12.00
# Visual Studio Version 16
VisualStudioVersion = 16.0.31515.178
MinimumVisualStudioVersion = 10.0.40219.1
Project("{FAE04EC0-301F-11D3-BF4B-00C04F79EFBC}") = "Ecommerce", "Ecommerce.csproj", "{626F3207-EAB7-4983-A070-D99F1835EBFA}"
EndProject
Global
	GlobalSection(SolutionConfigurationPlatforms) = preSolution
		Debug|Any CPU = Debug|Any CPU
		Release|Any CPU = Release|Any CPU
	EndGlobalSection
	GlobalSection(ProjectConfigurationPlatforms) = postSolution
		{626F3207-EAB7-4983-A070-D99F1835EBFA}.Debug|Any CPU.ActiveCfg = Debug|Any CPU
		{626F3207-EAB7-4983-A070-D99F1835EBFA}.Debug|Any CPU.Build.0 = Debug|Any CPU
		{626F3207-EAB7-4983-A070-D99F1835EBFA}.Release|Any CPU.ActiveCfg = Release|Any CPU
		{626F3207-EAB7-4983-A070-D99F1835EBFA}.Release|Any CPU.Build.0 = Release|Any CPU
	EndGlobalSection
	GlobalSection(SolutionProperties) = preSolution
		HideSolutionNode = FALSE
	EndGlobalSection
	GlobalSection(ExtensibilityGlobals) = postSolution
		SolutionGuid = {37C7049E-594E-451F-BE3E-B16D545C95B1}
	EndGlobalSection
EndGlobal
